
Microsoft Visual Studio Solution File, Format Version 12.00
# Visual Studio Version 17
VisualStudioVersion = 17.10.35013.160
MinimumVisualStudioVersion = 10.0.40219.1
Project("{FAE04EC0-301F-11D3-BF4B-00C04F79EFBC}") = "SpaceInvaders", "SpaceInvaders.csproj", "{051CA567-B85D-4AA5-9AFF-208CBA805CD0}"
EndProject
Global
	GlobalSection(SolutionConfigurationPlatforms) = preSolution
		Debug|Any CPU = Debug|Any CPU
		Release|Any CPU = Release|Any CPU
	EndGlobalSection
	GlobalSection(ProjectConfigurationPlatforms) = postSolution
		{051CA567-B85D-4AA5-9AFF-208CBA805CD0}.Debug|Any CPU.ActiveCfg = Debug|Any CPU
		{051CA567-B85D-4AA5-9AFF-208CBA805CD0}.Debug|Any CPU.Build.0 = Debug|Any CPU
		{051CA567-B85D-4AA5-9AFF-208CBA805CD0}.Release|Any CPU.ActiveCfg = Release|Any CPU
		{051CA567-B85D-4AA5-9AFF-208CBA805CD0}.Release|Any CPU.Build.0 = Release|Any CPU
	EndGlobalSection
	GlobalSection(SolutionProperties) = preSolution
		HideSolutionNode = FALSE
	EndGlobalSection
	GlobalSection(ExtensibilityGlobals) = postSolution
		SolutionGuid = {E207C319-3958-4038-8825-46F119FAA18F}
	EndGlobalSection
EndGlobal
